
Microsoft Visual Studio Solution File, Format Version 12.00
# Visual Studio Version 17
VisualStudioVersion = 17.14.36221.1 d17.14
MinimumVisualStudioVersion = 10.0.40219.1
Project("{FAE04EC0-301F-11D3-BF4B-00C04F79EFBC}") = "EmployeeInformationSystem", "EmployeeInformationSystem\EmployeeInformationSystem.csproj", "{31E8C26F-7AD8-4F99-B5A0-73A682870FC0}"
EndProject
Global
	GlobalSection(SolutionConfigurationPlatforms) = preSolution
		Debug|Any CPU = Debug|Any CPU
		Release|Any CPU = Release|Any CPU
	EndGlobalSection
	GlobalSection(ProjectConfigurationPlatforms) = postSolution
		{31E8C26F-7AD8-4F99-B5A0-73A682870FC0}.Debug|Any CPU.ActiveCfg = Debug|Any CPU
		{31E8C26F-7AD8-4F99-B5A0-73A682870FC0}.Debug|Any CPU.Build.0 = Debug|Any CPU
		{31E8C26F-7AD8-4F99-B5A0-73A682870FC0}.Release|Any CPU.ActiveCfg = Release|Any CPU
		{31E8C26F-7AD8-4F99-B5A0-73A682870FC0}.Release|Any CPU.Build.0 = Release|Any CPU
	EndGlobalSection
	GlobalSection(SolutionProperties) = preSolution
		HideSolutionNode = FALSE
	EndGlobalSection
	GlobalSection(ExtensibilityGlobals) = postSolution
		SolutionGuid = {D831378E-ACEC-475E-BCA6-40405F8B4D0D}
	EndGlobalSection
EndGlobal
